{
    "name": "@trading-app/websocket",
    "version": "1.0.0",
    "lockfileVersion": 3,
    "requires": true,
    "packages": {
        "": {
            "name": "@trading-app/websocket",
            "version": "1.0.0",
            "dependencies": {
                "@trading-app/auth": "file:../auth",
                "@trading-app/config": "file:../config",
                "@trading-app/logging": "file:../logging",
                "@trading-app/state": "file:../state",
                "@trading-app/toast": "file:../toast",
                "@trading-app/utils": "file:../utils",
                "rxjs": "^7.8.0"
            },
            "devDependencies": {
                "typescript": "^5.3.3"
            }
        },
        "../auth": {
            "name": "@trading-app/auth",
            "version": "1.0.0",
            "dependencies": {
                "@trading-app/logging": "file:../logging",
                "@trading-app/storage": "file:../storage"
            },
            "devDependencies": {
                "typescript": "^5.3.3"
            }
        },
        "../config": {
            "name": "@trading-app/config",
            "version": "1.0.0",
            "dependencies": {
                "@trading-app/types-core": "file:../types-core"
            },
            "devDependencies": {
                "@types/node": "^20.17.57",
                "typescript": "^5.3.3"
            }
        },
        "../logging": {
            "name": "@trading-app/logging",
            "version": "1.0.0",
            "dependencies": {
                "@trading-app/config": "file:../config",
                "@trading-app/types-core": "file:../types-core"
            },
            "devDependencies": {
                "@types/node": "^22.15.29",
                "typescript": "^5.3.3"
            }
        },
        "../state": {
            "name": "@trading-app/state",
            "version": "1.0.0",
            "dependencies": {
                "@trading-app/logging": "file:../logging",
                "@trading-app/types-core": "file:../types-core",
                "rxjs": "^7.8.2"
            },
            "devDependencies": {
                "typescript": "^5.3.3"
            }
        },
        "../toast": {
            "name": "@trading-app/toast",
            "version": "1.0.0",
            "dependencies": {
                "@trading-app/logging": "file:../logging"
            },
            "devDependencies": {
                "@types/react": "^18.0.0",
                "typescript": "^5.3.3"
            },
            "peerDependencies": {
                "react": "^18.0.0"
            }
        },
        "../utils": {
            "name": "@trading-app/utils",
            "version": "1.0.0",
            "dependencies": {
                "@trading-app/logging": "file:../logging"
            },
            "devDependencies": {
                "typescript": "^5.3.3"
            }
        },
        "node_modules/@trading-app/auth": {
            "resolved": "../auth",
            "link": true
        },
        "node_modules/@trading-app/config": {
            "resolved": "../config",
            "link": true
        },
        "node_modules/@trading-app/logging": {
            "resolved": "../logging",
            "link": true
        },
        "node_modules/@trading-app/state": {
            "resolved": "../state",
            "link": true
        },
        "node_modules/@trading-app/toast": {
            "resolved": "../toast",
            "link": true
        },
        "node_modules/@trading-app/utils": {
            "resolved": "../utils",
            "link": true
        },
        "node_modules/rxjs": {
            "version": "7.8.2",
            "resolved": "https://registry.npmjs.org/rxjs/-/rxjs-7.8.2.tgz",
            "integrity": "sha512-dhKf903U/PQZY6boNNtAGdWbG85WAbjT/1xYoZIC7FAY0yWapOBQVsVrDl58W86//e1VpMNBtRV4MaXfdMySFA==",
            "dependencies": {
                "tslib": "^2.1.0"
            }
        },
        "node_modules/tslib": {
            "version": "2.8.1",
            "resolved": "https://registry.npmjs.org/tslib/-/tslib-2.8.1.tgz",
            "integrity": "sha512-oJFu94HQb+KVduSUQL7wnpmqnfmLsOA/nAh6b6EH0wCEoK0/mPeXU6c3wKDV83MkOuHPRHtSXKKU99IBazS/2w=="
        },
        "node_modules/typescript": {
            "version": "5.8.3",
            "resolved": "https://registry.npmjs.org/typescript/-/typescript-5.8.3.tgz",
            "integrity": "sha512-p1diW6TqL9L07nNxvRMM7hMMw4c5XOo/1ibL4aAIGmSAt9slTE1Xgw5KWuof2uTOvCg9BY7ZRi+GaF+7sfgPeQ==",
            "dev": true,
            "bin": {
                "tsc": "bin/tsc",
                "tsserver": "bin/tsserver"
            },
            "engines": {
                "node": ">=14.17"
            }
        }
    }
}
